
Microsoft Visual Studio Solution File, Format Version 12.00
# Visual Studio Version 17
VisualStudioVersion = 17.2.32602.215
MinimumVisualStudioVersion = 10.0.40219.1
Project("{FAE04EC0-301F-11D3-BF4B-00C04F79EFBC}") = "CrudAuthor", "CrudAuthor\CrudAuthor.csproj", "{F2DB1648-FF0D-46F4-A367-C5702036EFB4}"
EndProject
Global
	GlobalSection(SolutionConfigurationPlatforms) = preSolution
		Debug|Any CPU = Debug|Any CPU
		Release|Any CPU = Release|Any CPU
	EndGlobalSection
	GlobalSection(ProjectConfigurationPlatforms) = postSolution
		{F2DB1648-FF0D-46F4-A367-C5702036EFB4}.Debug|Any CPU.ActiveCfg = Debug|Any CPU
		{F2DB1648-FF0D-46F4-A367-C5702036EFB4}.Debug|Any CPU.Build.0 = Debug|Any CPU
		{F2DB1648-FF0D-46F4-A367-C5702036EFB4}.Release|Any CPU.ActiveCfg = Release|Any CPU
		{F2DB1648-FF0D-46F4-A367-C5702036EFB4}.Release|Any CPU.Build.0 = Release|Any CPU
	EndGlobalSection
	GlobalSection(SolutionProperties) = preSolution
		HideSolutionNode = FALSE
	EndGlobalSection
	GlobalSection(ExtensibilityGlobals) = postSolution
		SolutionGuid = {C513057C-FB9C-4E20-941A-4E6277B632F1}
	EndGlobalSection
EndGlobal
