
Microsoft Visual Studio Solution File, Format Version 12.00
# Visual Studio Version 17
VisualStudioVersion = 17.1.32414.318
MinimumVisualStudioVersion = 10.0.40219.1
Project("{FAE04EC0-301F-11D3-BF4B-00C04F79EFBC}") = "Strings", "Strings\Strings.csproj", "{0960E16F-7821-41C3-BFFC-461762F58BE8}"
EndProject
Global
	GlobalSection(SolutionConfigurationPlatforms) = preSolution
		Debug|Any CPU = Debug|Any CPU
		Release|Any CPU = Release|Any CPU
	EndGlobalSection
	GlobalSection(ProjectConfigurationPlatforms) = postSolution
		{0960E16F-7821-41C3-BFFC-461762F58BE8}.Debug|Any CPU.ActiveCfg = Debug|Any CPU
		{0960E16F-7821-41C3-BFFC-461762F58BE8}.Debug|Any CPU.Build.0 = Debug|Any CPU
		{0960E16F-7821-41C3-BFFC-461762F58BE8}.Release|Any CPU.ActiveCfg = Release|Any CPU
		{0960E16F-7821-41C3-BFFC-461762F58BE8}.Release|Any CPU.Build.0 = Release|Any CPU
	EndGlobalSection
	GlobalSection(SolutionProperties) = preSolution
		HideSolutionNode = FALSE
	EndGlobalSection
	GlobalSection(ExtensibilityGlobals) = postSolution
		SolutionGuid = {0F49FAAD-24EF-4B6E-8189-ECF0015236BB}
	EndGlobalSection
EndGlobal
